
Microsoft Visual Studio Solution File, Format Version 12.00
# Visual Studio Version 16
VisualStudioVersion = 16.0.30225.117
MinimumVisualStudioVersion = 10.0.40219.1
Project("{FAE04EC0-301F-11D3-BF4B-00C04F79EFBC}") = "MVC5_Exercise", "MVC5_Exercise\MVC5_Exercise.csproj", "{19F31946-649D-4345-BE91-B4F6A8CA6B32}"
EndProject
Global
	GlobalSection(SolutionConfigurationPlatforms) = preSolution
		Debug|Any CPU = Debug|Any CPU
		Release|Any CPU = Release|Any CPU
	EndGlobalSection
	GlobalSection(ProjectConfigurationPlatforms) = postSolution
		{19F31946-649D-4345-BE91-B4F6A8CA6B32}.Debug|Any CPU.ActiveCfg = Debug|Any CPU
		{19F31946-649D-4345-BE91-B4F6A8CA6B32}.Debug|Any CPU.Build.0 = Debug|Any CPU
		{19F31946-649D-4345-BE91-B4F6A8CA6B32}.Release|Any CPU.ActiveCfg = Release|Any CPU
		{19F31946-649D-4345-BE91-B4F6A8CA6B32}.Release|Any CPU.Build.0 = Release|Any CPU
	EndGlobalSection
	GlobalSection(SolutionProperties) = preSolution
		HideSolutionNode = FALSE
	EndGlobalSection
	GlobalSection(ExtensibilityGlobals) = postSolution
		SolutionGuid = {805EF199-5C3B-47CC-A1A5-71D6B6D38A1C}
	EndGlobalSection
EndGlobal
